
Microsoft Visual Studio Solution File, Format Version 12.00
# Visual Studio Version 17
VisualStudioVersion = 17.10.35013.160
MinimumVisualStudioVersion = 10.0.40219.1
Project("{FAE04EC0-301F-11D3-BF4B-00C04F79EFBC}") = "BookStore.API", "WebApplication\BookStore.API.csproj", "{965048E0-D6E8-41CD-9582-37DEF5FC00E7}"
EndProject
Project("{FAE04EC0-301F-11D3-BF4B-00C04F79EFBC}") = "BookStore.Core", "BookStore.Core\BookStore.Core.csproj", "{3F4532EE-B301-479A-A096-0B777268DDA5}"
EndProject
Project("{FAE04EC0-301F-11D3-BF4B-00C04F79EFBC}") = "BooksStore.DataAccess", "BooksStore.DataAccess\BooksStore.DataAccess.csproj", "{29E07D85-3D31-4E88-B023-DA347E92009A}"
EndProject
Global
	GlobalSection(SolutionConfigurationPlatforms) = preSolution
		Debug|Any CPU = Debug|Any CPU
		Release|Any CPU = Release|Any CPU
	EndGlobalSection
	GlobalSection(ProjectConfigurationPlatforms) = postSolution
		{965048E0-D6E8-41CD-9582-37DEF5FC00E7}.Debug|Any CPU.ActiveCfg = Debug|Any CPU
		{965048E0-D6E8-41CD-9582-37DEF5FC00E7}.Debug|Any CPU.Build.0 = Debug|Any CPU
		{965048E0-D6E8-41CD-9582-37DEF5FC00E7}.Release|Any CPU.ActiveCfg = Release|Any CPU
		{965048E0-D6E8-41CD-9582-37DEF5FC00E7}.Release|Any CPU.Build.0 = Release|Any CPU
		{3F4532EE-B301-479A-A096-0B777268DDA5}.Debug|Any CPU.ActiveCfg = Debug|Any CPU
		{3F4532EE-B301-479A-A096-0B777268DDA5}.Debug|Any CPU.Build.0 = Debug|Any CPU
		{3F4532EE-B301-479A-A096-0B777268DDA5}.Release|Any CPU.ActiveCfg = Release|Any CPU
		{3F4532EE-B301-479A-A096-0B777268DDA5}.Release|Any CPU.Build.0 = Release|Any CPU
		{29E07D85-3D31-4E88-B023-DA347E92009A}.Debug|Any CPU.ActiveCfg = Debug|Any CPU
		{29E07D85-3D31-4E88-B023-DA347E92009A}.Debug|Any CPU.Build.0 = Debug|Any CPU
		{29E07D85-3D31-4E88-B023-DA347E92009A}.Release|Any CPU.ActiveCfg = Release|Any CPU
		{29E07D85-3D31-4E88-B023-DA347E92009A}.Release|Any CPU.Build.0 = Release|Any CPU
	EndGlobalSection
	GlobalSection(SolutionProperties) = preSolution
		HideSolutionNode = FALSE
	EndGlobalSection
	GlobalSection(ExtensibilityGlobals) = postSolution
		SolutionGuid = {2DBFDCE0-890B-4482-8AC0-A3D1882AA9C7}
	EndGlobalSection
EndGlobal
